
Microsoft Visual Studio Solution File, Format Version 12.00
# Visual Studio 15
VisualStudioVersion = 15.0.28307.1231
MinimumVisualStudioVersion = 10.0.40219.1
Project("{FAE04EC0-301F-11D3-BF4B-00C04F79EFBC}") = "DependencyInjectionContainerLib", "DependencyInjectionContainerLib\DependencyInjectionContainerLib.csproj", "{18D93461-9E1C-450E-BC11-933754242AA1}"
EndProject
Project("{FAE04EC0-301F-11D3-BF4B-00C04F79EFBC}") = "TestForLib", "TestForLib\TestForLib.csproj", "{ED69AA62-7ACC-4FF9-91B1-D87E0DBDC64D}"
EndProject
Project("{FAE04EC0-301F-11D3-BF4B-00C04F79EFBC}") = "NPOTests", "NPOTests\NPOTests.csproj", "{6659520F-6231-43A5-8A8D-E5984D0248AB}"
EndProject
Global
	GlobalSection(SolutionConfigurationPlatforms) = preSolution
		Debug|Any CPU = Debug|Any CPU
		Release|Any CPU = Release|Any CPU
	EndGlobalSection
	GlobalSection(ProjectConfigurationPlatforms) = postSolution
		{18D93461-9E1C-450E-BC11-933754242AA1}.Debug|Any CPU.ActiveCfg = Debug|Any CPU
		{18D93461-9E1C-450E-BC11-933754242AA1}.Debug|Any CPU.Build.0 = Debug|Any CPU
		{18D93461-9E1C-450E-BC11-933754242AA1}.Release|Any CPU.ActiveCfg = Release|Any CPU
		{18D93461-9E1C-450E-BC11-933754242AA1}.Release|Any CPU.Build.0 = Release|Any CPU
		{ED69AA62-7ACC-4FF9-91B1-D87E0DBDC64D}.Debug|Any CPU.ActiveCfg = Debug|Any CPU
		{ED69AA62-7ACC-4FF9-91B1-D87E0DBDC64D}.Debug|Any CPU.Build.0 = Debug|Any CPU
		{ED69AA62-7ACC-4FF9-91B1-D87E0DBDC64D}.Release|Any CPU.ActiveCfg = Release|Any CPU
		{ED69AA62-7ACC-4FF9-91B1-D87E0DBDC64D}.Release|Any CPU.Build.0 = Release|Any CPU
		{6659520F-6231-43A5-8A8D-E5984D0248AB}.Debug|Any CPU.ActiveCfg = Debug|Any CPU
		{6659520F-6231-43A5-8A8D-E5984D0248AB}.Debug|Any CPU.Build.0 = Debug|Any CPU
		{6659520F-6231-43A5-8A8D-E5984D0248AB}.Release|Any CPU.ActiveCfg = Release|Any CPU
		{6659520F-6231-43A5-8A8D-E5984D0248AB}.Release|Any CPU.Build.0 = Release|Any CPU
	EndGlobalSection
	GlobalSection(SolutionProperties) = preSolution
		HideSolutionNode = FALSE
	EndGlobalSection
	GlobalSection(ExtensibilityGlobals) = postSolution
		SolutionGuid = {64DB84B4-2C4E-4BA5-8CA0-C946C71D92F7}
	EndGlobalSection
EndGlobal
